// !$*UTF8*$!
{
	archiveVersion = 1;
	classes = {
	};
	objectVersion = 56;
	objects = {

/* Begin PBXBuildFile section */
		B58B33112D1157C500ADB39C /* BackgroundThreadBootcamp.swift in Sources */ = {isa = PBXBuildFile; fileRef = B58B33102D1157C500ADB39C /* BackgroundThreadBootcamp.swift */; };
		B5C3D6FD2D0EF25C00BD6C5A /* SwiftIntermediateApp.swift in Sources */ = {isa = PBXBuildFile; fileRef = B5C3D6FC2D0EF25C00BD6C5A /* SwiftIntermediateApp.swift */; };
		B5C3D6FF2D0EF25C00BD6C5A /* ContentView.swift in Sources */ = {isa = PBXBuildFile; fileRef = B5C3D6FE2D0EF25C00BD6C5A /* ContentView.swift */; };
		B5C3D7012D0EF25D00BD6C5A /* Assets.xcassets in Resources */ = {isa = PBXBuildFile; fileRef = B5C3D7002D0EF25D00BD6C5A /* Assets.xcassets */; };
		B5C3D7042D0EF25D00BD6C5A /* Preview Assets.xcassets in Resources */ = {isa = PBXBuildFile; fileRef = B5C3D7032D0EF25D00BD6C5A /* Preview Assets.xcassets */; };
		B5C3D70B2D0EF3AE00BD6C5A /* LongPressGestureBootcamp.swift in Sources */ = {isa = PBXBuildFile; fileRef = B5C3D70A2D0EF3AE00BD6C5A /* LongPressGestureBootcamp.swift */; };
		B5C3D70D2D0EF79200BD6C5A /* MagnificationGestureBootcamp.swift in Sources */ = {isa = PBXBuildFile; fileRef = B5C3D70C2D0EF79200BD6C5A /* MagnificationGestureBootcamp.swift */; };
		B5C3D70F2D0EFACF00BD6C5A /* RotationGestureBootcamp.swift in Sources */ = {isa = PBXBuildFile; fileRef = B5C3D70E2D0EFACF00BD6C5A /* RotationGestureBootcamp.swift */; };
		B5C3D7112D0F156600BD6C5A /* DragGestureBootcamp.swift in Sources */ = {isa = PBXBuildFile; fileRef = B5C3D7102D0F156600BD6C5A /* DragGestureBootcamp.swift */; };
		B5C3D7132D0F1CD800BD6C5A /* DragGestureBootcamp2.swift in Sources */ = {isa = PBXBuildFile; fileRef = B5C3D7122D0F1CD800BD6C5A /* DragGestureBootcamp2.swift */; };
		B5C3D7152D0F633B00BD6C5A /* ScrollViewReaderBootcamp.swift in Sources */ = {isa = PBXBuildFile; fileRef = B5C3D7142D0F633B00BD6C5A /* ScrollViewReaderBootcamp.swift */; };
		B5C3D7172D0F672F00BD6C5A /* GeometryReaderBootcamp.swift in Sources */ = {isa = PBXBuildFile; fileRef = B5C3D7162D0F672F00BD6C5A /* GeometryReaderBootcamp.swift */; };
		B5C3D7192D0F6B0200BD6C5A /* MultipleSheetsBootcamp.swift in Sources */ = {isa = PBXBuildFile; fileRef = B5C3D7182D0F6B0200BD6C5A /* MultipleSheetsBootcamp.swift */; };
		B5C3D71B2D0F6F9500BD6C5A /* MaskBootcamp.swift in Sources */ = {isa = PBXBuildFile; fileRef = B5C3D71A2D0F6F9500BD6C5A /* MaskBootcamp.swift */; };
		B5C3D71D2D0F72B000BD6C5A /* SoundsBootcamp.swift in Sources */ = {isa = PBXBuildFile; fileRef = B5C3D71C2D0F72B000BD6C5A /* SoundsBootcamp.swift */; };
		B5C3D7202D0F74A300BD6C5A /* badum.mp3 in Resources */ = {isa = PBXBuildFile; fileRef = B5C3D71F2D0F74A300BD6C5A /* badum.mp3 */; };
		B5C3D7222D0F74A900BD6C5A /* tada.mp3 in Resources */ = {isa = PBXBuildFile; fileRef = B5C3D7212D0F74A900BD6C5A /* tada.mp3 */; };
		B5C3D7242D0F75DC00BD6C5A /* HapticsBootcamp.swift in Sources */ = {isa = PBXBuildFile; fileRef = B5C3D7232D0F75DC00BD6C5A /* HapticsBootcamp.swift */; };
		B5C3D7262D10037200BD6C5A /* LocalNotificationsBootcamp.swift in Sources */ = {isa = PBXBuildFile; fileRef = B5C3D7252D10037200BD6C5A /* LocalNotificationsBootcamp.swift */; };
		B5C3D7282D1008B600BD6C5A /* HashableBootcamp.swift in Sources */ = {isa = PBXBuildFile; fileRef = B5C3D7272D1008B600BD6C5A /* HashableBootcamp.swift */; };
		B5C3D72A2D100C1E00BD6C5A /* ArraysBootcamp.swift in Sources */ = {isa = PBXBuildFile; fileRef = B5C3D7292D100C1E00BD6C5A /* ArraysBootcamp.swift */; };
		B5C3D74B2D1023E200BD6C5A /* CoreDataBootcamp.swift in Sources */ = {isa = PBXBuildFile; fileRef = B5C3D74A2D1023E200BD6C5A /* CoreDataBootcamp.swift */; };
		B5C3D74E2D10257B00BD6C5A /* FruitsContainer.xcdatamodeld in Sources */ = {isa = PBXBuildFile; fileRef = B5C3D74C2D10257B00BD6C5A /* FruitsContainer.xcdatamodeld */; };
		B5C3D7502D10BD4000BD6C5A /* CoreDataRelationshipsBootcamp.swift in Sources */ = {isa = PBXBuildFile; fileRef = B5C3D74F2D10BD4000BD6C5A /* CoreDataRelationshipsBootcamp.swift */; };
		B5C3D7532D10BE5B00BD6C5A /* CoreDataContainer.xcdatamodeld in Sources */ = {isa = PBXBuildFile; fileRef = B5C3D7512D10BE5B00BD6C5A /* CoreDataContainer.xcdatamodeld */; };
/* End PBXBuildFile section */

/* Begin PBXFileReference section */
		B58B33102D1157C500ADB39C /* BackgroundThreadBootcamp.swift */ = {isa = PBXFileReference; lastKnownFileType = sourcecode.swift; path = BackgroundThreadBootcamp.swift; sourceTree = "<group>"; };
		B5C3D6F92D0EF25C00BD6C5A /* SwiftIntermediate.app */ = {isa = PBXFileReference; explicitFileType = wrapper.application; includeInIndex = 0; path = SwiftIntermediate.app; sourceTree = BUILT_PRODUCTS_DIR; };
		B5C3D6FC2D0EF25C00BD6C5A /* SwiftIntermediateApp.swift */ = {isa = PBXFileReference; lastKnownFileType = sourcecode.swift; path = SwiftIntermediateApp.swift; sourceTree = "<group>"; };
		B5C3D6FE2D0EF25C00BD6C5A /* ContentView.swift */ = {isa = PBXFileReference; lastKnownFileType = sourcecode.swift; path = ContentView.swift; sourceTree = "<group>"; };
		B5C3D7002D0EF25D00BD6C5A /* Assets.xcassets */ = {isa = PBXFileReference; lastKnownFileType = folder.assetcatalog; path = Assets.xcassets; sourceTree = "<group>"; };
		B5C3D7032D0EF25D00BD6C5A /* Preview Assets.xcassets */ = {isa = PBXFileReference; lastKnownFileType = folder.assetcatalog; path = "Preview Assets.xcassets"; sourceTree = "<group>"; };
		B5C3D70A2D0EF3AE00BD6C5A /* LongPressGestureBootcamp.swift */ = {isa = PBXFileReference; lastKnownFileType = sourcecode.swift; path = LongPressGestureBootcamp.swift; sourceTree = "<group>"; };
		B5C3D70C2D0EF79200BD6C5A /* MagnificationGestureBootcamp.swift */ = {isa = PBXFileReference; lastKnownFileType = sourcecode.swift; path = MagnificationGestureBootcamp.swift; sourceTree = "<group>"; };
		B5C3D70E2D0EFACF00BD6C5A /* RotationGestureBootcamp.swift */ = {isa = PBXFileReference; lastKnownFileType = sourcecode.swift; path = RotationGestureBootcamp.swift; sourceTree = "<group>"; };
		B5C3D7102D0F156600BD6C5A /* DragGestureBootcamp.swift */ = {isa = PBXFileReference; lastKnownFileType = sourcecode.swift; path = DragGestureBootcamp.swift; sourceTree = "<group>"; };
		B5C3D7122D0F1CD800BD6C5A /* DragGestureBootcamp2.swift */ = {isa = PBXFileReference; lastKnownFileType = sourcecode.swift; path = DragGestureBootcamp2.swift; sourceTree = "<group>"; };
		B5C3D7142D0F633B00BD6C5A /* ScrollViewReaderBootcamp.swift */ = {isa = PBXFileReference; lastKnownFileType = sourcecode.swift; path = ScrollViewReaderBootcamp.swift; sourceTree = "<group>"; };
		B5C3D7162D0F672F00BD6C5A /* GeometryReaderBootcamp.swift */ = {isa = PBXFileReference; lastKnownFileType = sourcecode.swift; path = GeometryReaderBootcamp.swift; sourceTree = "<group>"; };
		B5C3D7182D0F6B0200BD6C5A /* MultipleSheetsBootcamp.swift */ = {isa = PBXFileReference; lastKnownFileType = sourcecode.swift; path = MultipleSheetsBootcamp.swift; sourceTree = "<group>"; };
		B5C3D71A2D0F6F9500BD6C5A /* MaskBootcamp.swift */ = {isa = PBXFileReference; lastKnownFileType = sourcecode.swift; path = MaskBootcamp.swift; sourceTree = "<group>"; };
		B5C3D71C2D0F72B000BD6C5A /* SoundsBootcamp.swift */ = {isa = PBXFileReference; lastKnownFileType = sourcecode.swift; path = SoundsBootcamp.swift; sourceTree = "<group>"; };
		B5C3D71F2D0F74A300BD6C5A /* badum.mp3 */ = {isa = PBXFileReference; lastKnownFileType = audio.mp3; name = badum.mp3; path = ../../../../../../Downloads/badum.mp3; sourceTree = "<group>"; };
		B5C3D7212D0F74A900BD6C5A /* tada.mp3 */ = {isa = PBXFileReference; lastKnownFileType = audio.mp3; name = tada.mp3; path = "../../../../../../Downloads/tada-sound/tada.mp3"; sourceTree = "<group>"; };
		B5C3D7232D0F75DC00BD6C5A /* HapticsBootcamp.swift */ = {isa = PBXFileReference; lastKnownFileType = sourcecode.swift; path = HapticsBootcamp.swift; sourceTree = "<group>"; };
		B5C3D7252D10037200BD6C5A /* LocalNotificationsBootcamp.swift */ = {isa = PBXFileReference; lastKnownFileType = sourcecode.swift; path = LocalNotificationsBootcamp.swift; sourceTree = "<group>"; };
		B5C3D7272D1008B600BD6C5A /* HashableBootcamp.swift */ = {isa = PBXFileReference; lastKnownFileType = sourcecode.swift; path = HashableBootcamp.swift; sourceTree = "<group>"; };
		B5C3D7292D100C1E00BD6C5A /* ArraysBootcamp.swift */ = {isa = PBXFileReference; lastKnownFileType = sourcecode.swift; path = ArraysBootcamp.swift; sourceTree = "<group>"; };
		B5C3D74A2D1023E200BD6C5A /* CoreDataBootcamp.swift */ = {isa = PBXFileReference; lastKnownFileType = sourcecode.swift; path = CoreDataBootcamp.swift; sourceTree = "<group>"; };
		B5C3D74D2D10257B00BD6C5A /* FruitsContainer.xcdatamodel */ = {isa = PBXFileReference; lastKnownFileType = wrapper.xcdatamodel; path = FruitsContainer.xcdatamodel; sourceTree = "<group>"; };
		B5C3D74F2D10BD4000BD6C5A /* CoreDataRelationshipsBootcamp.swift */ = {isa = PBXFileReference; lastKnownFileType = sourcecode.swift; path = CoreDataRelationshipsBootcamp.swift; sourceTree = "<group>"; };
		B5C3D7522D10BE5B00BD6C5A /* CoreDataContainer.xcdatamodel */ = {isa = PBXFileReference; lastKnownFileType = wrapper.xcdatamodel; path = CoreDataContainer.xcdatamodel; sourceTree = "<group>"; };
/* End PBXFileReference section */

/* Begin PBXFrameworksBuildPhase section */
		B5C3D6F62D0EF25C00BD6C5A /* Frameworks */ = {
			isa = PBXFrameworksBuildPhase;
			buildActionMask = 2147483647;
			files = (
			);
			runOnlyForDeploymentPostprocessing = 0;
		};
/* End PBXFrameworksBuildPhase section */

/* Begin PBXGroup section */
		B5C3D6F02D0EF25C00BD6C5A = {
			isa = PBXGroup;
			children = (
				B5C3D6FB2D0EF25C00BD6C5A /* SwiftIntermediate */,
				B5C3D6FA2D0EF25C00BD6C5A /* Products */,
			);
			sourceTree = "<group>";
		};
		B5C3D6FA2D0EF25C00BD6C5A /* Products */ = {
			isa = PBXGroup;
			children = (
				B5C3D6F92D0EF25C00BD6C5A /* SwiftIntermediate.app */,
			);
			name = Products;
			sourceTree = "<group>";
		};
		B5C3D6FB2D0EF25C00BD6C5A /* SwiftIntermediate */ = {
			isa = PBXGroup;
			children = (
				B5C3D6FC2D0EF25C00BD6C5A /* SwiftIntermediateApp.swift */,
				B5C3D7182D0F6B0200BD6C5A /* MultipleSheetsBootcamp.swift */,
				B5C3D6FE2D0EF25C00BD6C5A /* ContentView.swift */,
				B5C3D7002D0EF25D00BD6C5A /* Assets.xcassets */,
				B5C3D7022D0EF25D00BD6C5A /* Preview Content */,
				B5C3D70A2D0EF3AE00BD6C5A /* LongPressGestureBootcamp.swift */,
				B5C3D70C2D0EF79200BD6C5A /* MagnificationGestureBootcamp.swift */,
				B5C3D70E2D0EFACF00BD6C5A /* RotationGestureBootcamp.swift */,
				B5C3D7292D100C1E00BD6C5A /* ArraysBootcamp.swift */,
				B5C3D7102D0F156600BD6C5A /* DragGestureBootcamp.swift */,
				B5C3D7252D10037200BD6C5A /* LocalNotificationsBootcamp.swift */,
				B5C3D74A2D1023E200BD6C5A /* CoreDataBootcamp.swift */,
				B5C3D7272D1008B600BD6C5A /* HashableBootcamp.swift */,
				B58B33102D1157C500ADB39C /* BackgroundThreadBootcamp.swift */,
				B5C3D74F2D10BD4000BD6C5A /* CoreDataRelationshipsBootcamp.swift */,
				B5C3D7232D0F75DC00BD6C5A /* HapticsBootcamp.swift */,
				B5C3D7122D0F1CD800BD6C5A /* DragGestureBootcamp2.swift */,
				B5C3D7512D10BE5B00BD6C5A /* CoreDataContainer.xcdatamodeld */,
				B5C3D71C2D0F72B000BD6C5A /* SoundsBootcamp.swift */,
				B5C3D74C2D10257B00BD6C5A /* FruitsContainer.xcdatamodeld */,
				B5C3D71E2D0F749800BD6C5A /* Sounds */,
				B5C3D7142D0F633B00BD6C5A /* ScrollViewReaderBootcamp.swift */,
				B5C3D7162D0F672F00BD6C5A /* GeometryReaderBootcamp.swift */,
				B5C3D71A2D0F6F9500BD6C5A /* MaskBootcamp.swift */,
			);
			path = SwiftIntermediate;
			sourceTree = "<group>";
		};
		B5C3D7022D0EF25D00BD6C5A /* Preview Content */ = {
			isa = PBXGroup;
			children = (
				B5C3D7032D0EF25D00BD6C5A /* Preview Assets.xcassets */,
			);
			path = "Preview Content";
			sourceTree = "<group>";
		};
		B5C3D71E2D0F749800BD6C5A /* Sounds */ = {
			isa = PBXGroup;
			children = (
				B5C3D7212D0F74A900BD6C5A /* tada.mp3 */,
				B5C3D71F2D0F74A300BD6C5A /* badum.mp3 */,
			);
			path = Sounds;
			sourceTree = "<group>";
		};
/* End PBXGroup section */

/* Begin PBXNativeTarget section */
		B5C3D6F82D0EF25C00BD6C5A /* SwiftIntermediate */ = {
			isa = PBXNativeTarget;
			buildConfigurationList = B5C3D7072D0EF25D00BD6C5A /* Build configuration list for PBXNativeTarget "SwiftIntermediate" */;
			buildPhases = (
				B5C3D6F52D0EF25C00BD6C5A /* Sources */,
				B5C3D6F62D0EF25C00BD6C5A /* Frameworks */,
				B5C3D6F72D0EF25C00BD6C5A /* Resources */,
			);
			buildRules = (
			);
			dependencies = (
			);
			name = SwiftIntermediate;
			productName = SwiftIntermediate;
			productReference = B5C3D6F92D0EF25C00BD6C5A /* SwiftIntermediate.app */;
			productType = "com.apple.product-type.application";
		};
/* End PBXNativeTarget section */

/* Begin PBXProject section */
		B5C3D6F12D0EF25C00BD6C5A /* Project object */ = {
			isa = PBXProject;
			attributes = {
				BuildIndependentTargetsInParallel = 1;
				LastSwiftUpdateCheck = 1540;
				LastUpgradeCheck = 1540;
				TargetAttributes = {
					B5C3D6F82D0EF25C00BD6C5A = {
						CreatedOnToolsVersion = 15.4;
					};
				};
			};
			buildConfigurationList = B5C3D6F42D0EF25C00BD6C5A /* Build configuration list for PBXProject "SwiftIntermediate" */;
			compatibilityVersion = "Xcode 14.0";
			developmentRegion = en;
			hasScannedForEncodings = 0;
			knownRegions = (
				en,
				Base,
			);
			mainGroup = B5C3D6F02D0EF25C00BD6C5A;
			productRefGroup = B5C3D6FA2D0EF25C00BD6C5A /* Products */;
			projectDirPath = "";
			projectRoot = "";
			targets = (
				B5C3D6F82D0EF25C00BD6C5A /* SwiftIntermediate */,
			);
		};
/* End PBXProject section */

/* Begin PBXResourcesBuildPhase section */
		B5C3D6F72D0EF25C00BD6C5A /* Resources */ = {
			isa = PBXResourcesBuildPhase;
			buildActionMask = 2147483647;
			files = (
				B5C3D7222D0F74A900BD6C5A /* tada.mp3 in Resources */,
				B5C3D7202D0F74A300BD6C5A /* badum.mp3 in Resources */,
				B5C3D7042D0EF25D00BD6C5A /* Preview Assets.xcassets in Resources */,
				B5C3D7012D0EF25D00BD6C5A /* Assets.xcassets in Resources */,
			);
			runOnlyForDeploymentPostprocessing = 0;
		};
/* End PBXResourcesBuildPhase section */

/* Begin PBXSourcesBuildPhase section */
		B5C3D6F52D0EF25C00BD6C5A /* Sources */ = {
			isa = PBXSourcesBuildPhase;
			buildActionMask = 2147483647;
			files = (
				B5C3D74E2D10257B00BD6C5A /* FruitsContainer.xcdatamodeld in Sources */,
				B5C3D7282D1008B600BD6C5A /* HashableBootcamp.swift in Sources */,
				B5C3D71D2D0F72B000BD6C5A /* SoundsBootcamp.swift in Sources */,
				B58B33112D1157C500ADB39C /* BackgroundThreadBootcamp.swift in Sources */,
				B5C3D7132D0F1CD800BD6C5A /* DragGestureBootcamp2.swift in Sources */,
				B5C3D74B2D1023E200BD6C5A /* CoreDataBootcamp.swift in Sources */,
				B5C3D7262D10037200BD6C5A /* LocalNotificationsBootcamp.swift in Sources */,
				B5C3D71B2D0F6F9500BD6C5A /* MaskBootcamp.swift in Sources */,
				B5C3D7112D0F156600BD6C5A /* DragGestureBootcamp.swift in Sources */,
				B5C3D7532D10BE5B00BD6C5A /* CoreDataContainer.xcdatamodeld in Sources */,
				B5C3D72A2D100C1E00BD6C5A /* ArraysBootcamp.swift in Sources */,
				B5C3D6FF2D0EF25C00BD6C5A /* ContentView.swift in Sources */,
				B5C3D7152D0F633B00BD6C5A /* ScrollViewReaderBootcamp.swift in Sources */,
				B5C3D7192D0F6B0200BD6C5A /* MultipleSheetsBootcamp.swift in Sources */,
				B5C3D6FD2D0EF25C00BD6C5A /* SwiftIntermediateApp.swift in Sources */,
				B5C3D70D2D0EF79200BD6C5A /* MagnificationGestureBootcamp.swift in Sources */,
				B5C3D7172D0F672F00BD6C5A /* GeometryReaderBootcamp.swift in Sources */,
				B5C3D7242D0F75DC00BD6C5A /* HapticsBootcamp.swift in Sources */,
				B5C3D7502D10BD4000BD6C5A /* CoreDataRelationshipsBootcamp.swift in Sources */,
				B5C3D70B2D0EF3AE00BD6C5A /* LongPressGestureBootcamp.swift in Sources */,
				B5C3D70F2D0EFACF00BD6C5A /* RotationGestureBootcamp.swift in Sources */,
			);
			runOnlyForDeploymentPostprocessing = 0;
		};
/* End PBXSourcesBuildPhase section */

/* Begin XCBuildConfiguration section */
		B5C3D7052D0EF25D00BD6C5A /* Debug */ = {
			isa = XCBuildConfiguration;
			buildSettings = {
				ALWAYS_SEARCH_USER_PATHS = NO;
				ASSETCATALOG_COMPILER_GENERATE_SWIFT_ASSET_SYMBOL_EXTENSIONS = YES;
				CLANG_ANALYZER_NONNULL = YES;
				CLANG_ANALYZER_NUMBER_OBJECT_CONVERSION = YES_AGGRESSIVE;
				CLANG_CXX_LANGUAGE_STANDARD = "gnu++20";
				CLANG_ENABLE_MODULES = YES;
				CLANG_ENABLE_OBJC_ARC = YES;
				CLANG_ENABLE_OBJC_WEAK = YES;
				CLANG_WARN_BLOCK_CAPTURE_AUTORELEASING = YES;
				CLANG_WARN_BOOL_CONVERSION = YES;
				CLANG_WARN_COMMA = YES;
				CLANG_WARN_CONSTANT_CONVERSION = YES;
				CLANG_WARN_DEPRECATED_OBJC_IMPLEMENTATIONS = YES;
				CLANG_WARN_DIRECT_OBJC_ISA_USAGE = YES_ERROR;
				CLANG_WARN_DOCUMENTATION_COMMENTS = YES;
				CLANG_WARN_EMPTY_BODY = YES;
				CLANG_WARN_ENUM_CONVERSION = YES;
				CLANG_WARN_INFINITE_RECURSION = YES;
				CLANG_WARN_INT_CONVERSION = YES;
				CLANG_WARN_NON_LITERAL_NULL_CONVERSION = YES;
				CLANG_WARN_OBJC_IMPLICIT_RETAIN_SELF = YES;
				CLANG_WARN_OBJC_LITERAL_CONVERSION = YES;
				CLANG_WARN_OBJC_ROOT_CLASS = YES_ERROR;
				CLANG_WARN_QUOTED_INCLUDE_IN_FRAMEWORK_HEADER = YES;
				CLANG_WARN_RANGE_LOOP_ANALYSIS = YES;
				CLANG_WARN_STRICT_PROTOTYPES = YES;
				CLANG_WARN_SUSPICIOUS_MOVE = YES;
				CLANG_WARN_UNGUARDED_AVAILABILITY = YES_AGGRESSIVE;
				CLANG_WARN_UNREACHABLE_CODE = YES;
				CLANG_WARN__DUPLICATE_METHOD_MATCH = YES;
				COPY_PHASE_STRIP = NO;
				DEBUG_INFORMATION_FORMAT = dwarf;
				ENABLE_STRICT_OBJC_MSGSEND = YES;
				ENABLE_TESTABILITY = YES;
				ENABLE_USER_SCRIPT_SANDBOXING = YES;
				GCC_C_LANGUAGE_STANDARD = gnu17;
				GCC_DYNAMIC_NO_PIC = NO;
				GCC_NO_COMMON_BLOCKS = YES;
				GCC_OPTIMIZATION_LEVEL = 0;
				GCC_PREPROCESSOR_DEFINITIONS = (
					"DEBUG=1",
					"$(inherited)",
				);
				GCC_WARN_64_TO_32_BIT_CONVERSION = YES;
				GCC_WARN_ABOUT_RETURN_TYPE = YES_ERROR;
				GCC_WARN_UNDECLARED_SELECTOR = YES;
				GCC_WARN_UNINITIALIZED_AUTOS = YES_AGGRESSIVE;
				GCC_WARN_UNUSED_FUNCTION = YES;
				GCC_WARN_UNUSED_VARIABLE = YES;
				IPHONEOS_DEPLOYMENT_TARGET = 17.5;
				LOCALIZATION_PREFERS_STRING_CATALOGS = YES;
				MTL_ENABLE_DEBUG_INFO = INCLUDE_SOURCE;
				MTL_FAST_MATH = YES;
				ONLY_ACTIVE_ARCH = YES;
				SDKROOT = iphoneos;
				SWIFT_ACTIVE_COMPILATION_CONDITIONS = "DEBUG $(inherited)";
				SWIFT_OPTIMIZATION_LEVEL = "-Onone";
			};
			name = Debug;
		};
		B5C3D7062D0EF25D00BD6C5A /* Release */ = {
			isa = XCBuildConfiguration;
			buildSettings = {
				ALWAYS_SEARCH_USER_PATHS = NO;
				ASSETCATALOG_COMPILER_GENERATE_SWIFT_ASSET_SYMBOL_EXTENSIONS = YES;
				CLANG_ANALYZER_NONNULL = YES;
				CLANG_ANALYZER_NUMBER_OBJECT_CONVERSION = YES_AGGRESSIVE;
				CLANG_CXX_LANGUAGE_STANDARD = "gnu++20";
				CLANG_ENABLE_MODULES = YES;
				CLANG_ENABLE_OBJC_ARC = YES;
				CLANG_ENABLE_OBJC_WEAK = YES;
				CLANG_WARN_BLOCK_CAPTURE_AUTORELEASING = YES;
				CLANG_WARN_BOOL_CONVERSION = YES;
				CLANG_WARN_COMMA = YES;
				CLANG_WARN_CONSTANT_CONVERSION = YES;
				CLANG_WARN_DEPRECATED_OBJC_IMPLEMENTATIONS = YES;
				CLANG_WARN_DIRECT_OBJC_ISA_USAGE = YES_ERROR;
				CLANG_WARN_DOCUMENTATION_COMMENTS = YES;
				CLANG_WARN_EMPTY_BODY = YES;
				CLANG_WARN_ENUM_CONVERSION = YES;
				CLANG_WARN_INFINITE_RECURSION = YES;
				CLANG_WARN_INT_CONVERSION = YES;
				CLANG_WARN_NON_LITERAL_NULL_CONVERSION = YES;
				CLANG_WARN_OBJC_IMPLICIT_RETAIN_SELF = YES;
				CLANG_WARN_OBJC_LITERAL_CONVERSION = YES;
				CLANG_WARN_OBJC_ROOT_CLASS = YES_ERROR;
				CLANG_WARN_QUOTED_INCLUDE_IN_FRAMEWORK_HEADER = YES;
				CLANG_WARN_RANGE_LOOP_ANALYSIS = YES;
				CLANG_WARN_STRICT_PROTOTYPES = YES;
				CLANG_WARN_SUSPICIOUS_MOVE = YES;
				CLANG_WARN_UNGUARDED_AVAILABILITY = YES_AGGRESSIVE;
				CLANG_WARN_UNREACHABLE_CODE = YES;
				CLANG_WARN__DUPLICATE_METHOD_MATCH = YES;
				COPY_PHASE_STRIP = NO;
				DEBUG_INFORMATION_FORMAT = "dwarf-with-dsym";
				ENABLE_NS_ASSERTIONS = NO;
				ENABLE_STRICT_OBJC_MSGSEND = YES;
				ENABLE_USER_SCRIPT_SANDBOXING = YES;
				GCC_C_LANGUAGE_STANDARD = gnu17;
				GCC_NO_COMMON_BLOCKS = YES;
				GCC_WARN_64_TO_32_BIT_CONVERSION = YES;
				GCC_WARN_ABOUT_RETURN_TYPE = YES_ERROR;
				GCC_WARN_UNDECLARED_SELECTOR = YES;
				GCC_WARN_UNINITIALIZED_AUTOS = YES_AGGRESSIVE;
				GCC_WARN_UNUSED_FUNCTION = YES;
				GCC_WARN_UNUSED_VARIABLE = YES;
				IPHONEOS_DEPLOYMENT_TARGET = 17.5;
				LOCALIZATION_PREFERS_STRING_CATALOGS = YES;
				MTL_ENABLE_DEBUG_INFO = NO;
				MTL_FAST_MATH = YES;
				SDKROOT = iphoneos;
				SWIFT_COMPILATION_MODE = wholemodule;
				VALIDATE_PRODUCT = YES;
			};
			name = Release;
		};
		B5C3D7082D0EF25D00BD6C5A /* Debug */ = {
			isa = XCBuildConfiguration;
			buildSettings = {
				ASSETCATALOG_COMPILER_APPICON_NAME = AppIcon;
				ASSETCATALOG_COMPILER_GLOBAL_ACCENT_COLOR_NAME = AccentColor;
				CODE_SIGN_STYLE = Automatic;
				CURRENT_PROJECT_VERSION = 1;
				DEVELOPMENT_ASSET_PATHS = "\"SwiftIntermediate/Preview Content\"";
				DEVELOPMENT_TEAM = 9PX6G3GZF7;
				ENABLE_PREVIEWS = YES;
				GENERATE_INFOPLIST_FILE = YES;
				INFOPLIST_KEY_UIApplicationSceneManifest_Generation = YES;
				INFOPLIST_KEY_UIApplicationSupportsIndirectInputEvents = YES;
				INFOPLIST_KEY_UILaunchScreen_Generation = YES;
				INFOPLIST_KEY_UISupportedInterfaceOrientations_iPad = "UIInterfaceOrientationPortrait UIInterfaceOrientationPortraitUpsideDown UIInterfaceOrientationLandscapeLeft UIInterfaceOrientationLandscapeRight";
				INFOPLIST_KEY_UISupportedInterfaceOrientations_iPhone = "UIInterfaceOrientationPortrait UIInterfaceOrientationLandscapeLeft UIInterfaceOrientationLandscapeRight";
				LD_RUNPATH_SEARCH_PATHS = (
					"$(inherited)",
					"@executable_path/Frameworks",
				);
				MARKETING_VERSION = 1.0;
				PRODUCT_BUNDLE_IDENTIFIER = com.toni.SwiftIntermediate;
				PRODUCT_NAME = "$(TARGET_NAME)";
				SWIFT_EMIT_LOC_STRINGS = YES;
				SWIFT_VERSION = 5.0;
				TARGETED_DEVICE_FAMILY = "1,2";
			};
			name = Debug;
		};
		B5C3D7092D0EF25D00BD6C5A /* Release */ = {
			isa = XCBuildConfiguration;
			buildSettings = {
				ASSETCATALOG_COMPILER_APPICON_NAME = AppIcon;
				ASSETCATALOG_COMPILER_GLOBAL_ACCENT_COLOR_NAME = AccentColor;
				CODE_SIGN_STYLE = Automatic;
				CURRENT_PROJECT_VERSION = 1;
				DEVELOPMENT_ASSET_PATHS = "\"SwiftIntermediate/Preview Content\"";
				DEVELOPMENT_TEAM = 9PX6G3GZF7;
				ENABLE_PREVIEWS = YES;
				GENERATE_INFOPLIST_FILE = YES;
				INFOPLIST_KEY_UIApplicationSceneManifest_Generation = YES;
				INFOPLIST_KEY_UIApplicationSupportsIndirectInputEvents = YES;
				INFOPLIST_KEY_UILaunchScreen_Generation = YES;
				INFOPLIST_KEY_UISupportedInterfaceOrientations_iPad = "UIInterfaceOrientationPortrait UIInterfaceOrientationPortraitUpsideDown UIInterfaceOrientationLandscapeLeft UIInterfaceOrientationLandscapeRight";
				INFOPLIST_KEY_UISupportedInterfaceOrientations_iPhone = "UIInterfaceOrientationPortrait UIInterfaceOrientationLandscapeLeft UIInterfaceOrientationLandscapeRight";
				LD_RUNPATH_SEARCH_PATHS = (
					"$(inherited)",
					"@executable_path/Frameworks",
				);
				MARKETING_VERSION = 1.0;
				PRODUCT_BUNDLE_IDENTIFIER = com.toni.SwiftIntermediate;
				PRODUCT_NAME = "$(TARGET_NAME)";
				SWIFT_EMIT_LOC_STRINGS = YES;
				SWIFT_VERSION = 5.0;
				TARGETED_DEVICE_FAMILY = "1,2";
			};
			name = Release;
		};
/* End XCBuildConfiguration section */

/* Begin XCConfigurationList section */
		B5C3D6F42D0EF25C00BD6C5A /* Build configuration list for PBXProject "SwiftIntermediate" */ = {
			isa = XCConfigurationList;
			buildConfigurations = (
				B5C3D7052D0EF25D00BD6C5A /* Debug */,
				B5C3D7062D0EF25D00BD6C5A /* Release */,
			);
			defaultConfigurationIsVisible = 0;
			defaultConfigurationName = Release;
		};
		B5C3D7072D0EF25D00BD6C5A /* Build configuration list for PBXNativeTarget "SwiftIntermediate" */ = {
			isa = XCConfigurationList;
			buildConfigurations = (
				B5C3D7082D0EF25D00BD6C5A /* Debug */,
				B5C3D7092D0EF25D00BD6C5A /* Release */,
			);
			defaultConfigurationIsVisible = 0;
			defaultConfigurationName = Release;
		};
/* End XCConfigurationList section */

/* Begin XCVersionGroup section */
		B5C3D74C2D10257B00BD6C5A /* FruitsContainer.xcdatamodeld */ = {
			isa = XCVersionGroup;
			children = (
				B5C3D74D2D10257B00BD6C5A /* FruitsContainer.xcdatamodel */,
			);
			currentVersion = B5C3D74D2D10257B00BD6C5A /* FruitsContainer.xcdatamodel */;
			name = FruitsContainer.xcdatamodeld;
			path = /Users/tonistoyanov/Code/Personal/Swift/SwiftIntermediate/SwiftIntermediate/FruitsContainer.xcdatamodeld;
			sourceTree = "<group>";
			versionGroupType = wrapper.xcdatamodel;
		};
		B5C3D7512D10BE5B00BD6C5A /* CoreDataContainer.xcdatamodeld */ = {
			isa = XCVersionGroup;
			children = (
				B5C3D7522D10BE5B00BD6C5A /* CoreDataContainer.xcdatamodel */,
			);
			currentVersion = B5C3D7522D10BE5B00BD6C5A /* CoreDataContainer.xcdatamodel */;
			name = CoreDataContainer.xcdatamodeld;
			path = /Users/tonistoyanov/Code/Personal/Swift/SwiftIntermediate/SwiftIntermediate/CoreDataContainer.xcdatamodeld;
			sourceTree = "<group>";
			versionGroupType = wrapper.xcdatamodel;
		};
/* End XCVersionGroup section */
	};
	rootObject = B5C3D6F12D0EF25C00BD6C5A /* Project object */;
}
